
Microsoft Visual Studio Solution File, Format Version 12.00
# Visual Studio Version 17
VisualStudioVersion = 17.8.34309.116
MinimumVisualStudioVersion = 10.0.40219.1
Project("{FAE04EC0-301F-11D3-BF4B-00C04F79EFBC}") = "AMS", "AMS\AMS.csproj", "{696A5AD8-CB3B-401B-AD87-0BBDADAE825E}"
EndProject
Global
	GlobalSection(SolutionConfigurationPlatforms) = preSolution
		Debug|Any CPU = Debug|Any CPU
		Release|Any CPU = Release|Any CPU
	EndGlobalSection
	GlobalSection(ProjectConfigurationPlatforms) = postSolution
		{696A5AD8-CB3B-401B-AD87-0BBDADAE825E}.Debug|Any CPU.ActiveCfg = Debug|Any CPU
		{696A5AD8-CB3B-401B-AD87-0BBDADAE825E}.Debug|Any CPU.Build.0 = Debug|Any CPU
		{696A5AD8-CB3B-401B-AD87-0BBDADAE825E}.Release|Any CPU.ActiveCfg = Release|Any CPU
		{696A5AD8-CB3B-401B-AD87-0BBDADAE825E}.Release|Any CPU.Build.0 = Release|Any CPU
	EndGlobalSection
	GlobalSection(SolutionProperties) = preSolution
		HideSolutionNode = FALSE
	EndGlobalSection
	GlobalSection(ExtensibilityGlobals) = postSolution
		SolutionGuid = {77787E1D-BC56-4297-A44A-ED6661EFD7A4}
	EndGlobalSection
EndGlobal
